
Microsoft Visual Studio Solution File, Format Version 12.00
# Visual Studio Version 16
VisualStudioVersion = 16.0.29709.97
MinimumVisualStudioVersion = 10.0.40219.1
Project("{FAE04EC0-301F-11D3-BF4B-00C04F79EFBC}") = "IncidentTool.UWP", "IncidentTool\IncidentTool.UWP\IncidentTool.UWP.csproj", "{97C6E3EA-8E71-488B-A3A7-465D0880A1A7}"
EndProject
Project("{FAE04EC0-301F-11D3-BF4B-00C04F79EFBC}") = "IncidentTool.Android", "IncidentTool\IncidentTool.Android\IncidentTool.Android.csproj", "{5716EA4C-DCC7-4886-B0F9-CB4B7CEEFC17}"
EndProject
Project("{FAE04EC0-301F-11D3-BF4B-00C04F79EFBC}") = "IncidentTool.iOS", "IncidentTool\IncidentTool.iOS\IncidentTool.iOS.csproj", "{CFE81CD8-FF7C-452B-A46F-E74E57C750BC}"
EndProject
Project("{9A19103F-16F7-4668-BE54-9A1E7A4F7556}") = "IncidentTool", "IncidentTool\IncidentTool\IncidentTool.csproj", "{C5EFA787-BE0D-407D-8C35-EC4A74E784CB}"
EndProject
Project("{9A19103F-16F7-4668-BE54-9A1E7A4F7556}") = "IncidentTool.Tests", "IncidentTool.Tests\IncidentTool.Tests.csproj", "{FC40327E-F345-4FD7-AFA2-CADA20354E78}"
EndProject
Global
	GlobalSection(SolutionConfigurationPlatforms) = preSolution
		Debug|Any CPU = Debug|Any CPU
		Debug|ARM = Debug|ARM
		Debug|iPhone = Debug|iPhone
		Debug|iPhoneSimulator = Debug|iPhoneSimulator
		Debug|x64 = Debug|x64
		Debug|x86 = Debug|x86
		Release|Any CPU = Release|Any CPU
		Release|ARM = Release|ARM
		Release|iPhone = Release|iPhone
		Release|iPhoneSimulator = Release|iPhoneSimulator
		Release|x64 = Release|x64
		Release|x86 = Release|x86
	EndGlobalSection
	GlobalSection(ProjectConfigurationPlatforms) = postSolution
		{97C6E3EA-8E71-488B-A3A7-465D0880A1A7}.Debug|Any CPU.ActiveCfg = Debug|x86
		{97C6E3EA-8E71-488B-A3A7-465D0880A1A7}.Debug|Any CPU.Build.0 = Debug|x86
		{97C6E3EA-8E71-488B-A3A7-465D0880A1A7}.Debug|Any CPU.Deploy.0 = Debug|x86
		{97C6E3EA-8E71-488B-A3A7-465D0880A1A7}.Debug|ARM.ActiveCfg = Debug|ARM
		{97C6E3EA-8E71-488B-A3A7-465D0880A1A7}.Debug|ARM.Build.0 = Debug|ARM
		{97C6E3EA-8E71-488B-A3A7-465D0880A1A7}.Debug|ARM.Deploy.0 = Debug|ARM
		{97C6E3EA-8E71-488B-A3A7-465D0880A1A7}.Debug|iPhone.ActiveCfg = Debug|x86
		{97C6E3EA-8E71-488B-A3A7-465D0880A1A7}.Debug|iPhone.Build.0 = Debug|x86
		{97C6E3EA-8E71-488B-A3A7-465D0880A1A7}.Debug|iPhone.Deploy.0 = Debug|x86
		{97C6E3EA-8E71-488B-A3A7-465D0880A1A7}.Debug|iPhoneSimulator.ActiveCfg = Debug|x86
		{97C6E3EA-8E71-488B-A3A7-465D0880A1A7}.Debug|iPhoneSimulator.Build.0 = Debug|x86
		{97C6E3EA-8E71-488B-A3A7-465D0880A1A7}.Debug|iPhoneSimulator.Deploy.0 = Debug|x86
		{97C6E3EA-8E71-488B-A3A7-465D0880A1A7}.Debug|x64.ActiveCfg = Debug|x64
		{97C6E3EA-8E71-488B-A3A7-465D0880A1A7}.Debug|x64.Build.0 = Debug|x64
		{97C6E3EA-8E71-488B-A3A7-465D0880A1A7}.Debug|x64.Deploy.0 = Debug|x64
		{97C6E3EA-8E71-488B-A3A7-465D0880A1A7}.Debug|x86.ActiveCfg = Debug|x86
		{97C6E3EA-8E71-488B-A3A7-465D0880A1A7}.Debug|x86.Build.0 = Debug|x86
		{97C6E3EA-8E71-488B-A3A7-465D0880A1A7}.Debug|x86.Deploy.0 = Debug|x86
		{97C6E3EA-8E71-488B-A3A7-465D0880A1A7}.Release|Any CPU.ActiveCfg = Release|x86
		{97C6E3EA-8E71-488B-A3A7-465D0880A1A7}.Release|Any CPU.Build.0 = Release|x86
		{97C6E3EA-8E71-488B-A3A7-465D0880A1A7}.Release|Any CPU.Deploy.0 = Release|x86
		{97C6E3EA-8E71-488B-A3A7-465D0880A1A7}.Release|ARM.ActiveCfg = Release|ARM
		{97C6E3EA-8E71-488B-A3A7-465D0880A1A7}.Release|ARM.Build.0 = Release|ARM
		{97C6E3EA-8E71-488B-A3A7-465D0880A1A7}.Release|ARM.Deploy.0 = Release|ARM
		{97C6E3EA-8E71-488B-A3A7-465D0880A1A7}.Release|iPhone.ActiveCfg = Release|x86
		{97C6E3EA-8E71-488B-A3A7-465D0880A1A7}.Release|iPhone.Build.0 = Release|x86
		{97C6E3EA-8E71-488B-A3A7-465D0880A1A7}.Release|iPhone.Deploy.0 = Release|x86
		{97C6E3EA-8E71-488B-A3A7-465D0880A1A7}.Release|iPhoneSimulator.ActiveCfg = Release|x86
		{97C6E3EA-8E71-488B-A3A7-465D0880A1A7}.Release|iPhoneSimulator.Build.0 = Release|x86
		{97C6E3EA-8E71-488B-A3A7-465D0880A1A7}.Release|iPhoneSimulator.Deploy.0 = Release|x86
		{97C6E3EA-8E71-488B-A3A7-465D0880A1A7}.Release|x64.ActiveCfg = Release|x64
		{97C6E3EA-8E71-488B-A3A7-465D0880A1A7}.Release|x64.Build.0 = Release|x64
		{97C6E3EA-8E71-488B-A3A7-465D0880A1A7}.Release|x64.Deploy.0 = Release|x64
		{97C6E3EA-8E71-488B-A3A7-465D0880A1A7}.Release|x86.ActiveCfg = Release|x86
		{97C6E3EA-8E71-488B-A3A7-465D0880A1A7}.Release|x86.Build.0 = Release|x86
		{97C6E3EA-8E71-488B-A3A7-465D0880A1A7}.Release|x86.Deploy.0 = Release|x86
		{5716EA4C-DCC7-4886-B0F9-CB4B7CEEFC17}.Debug|Any CPU.ActiveCfg = Debug|Any CPU
		{5716EA4C-DCC7-4886-B0F9-CB4B7CEEFC17}.Debug|Any CPU.Build.0 = Debug|Any CPU
		{5716EA4C-DCC7-4886-B0F9-CB4B7CEEFC17}.Debug|Any CPU.Deploy.0 = Debug|Any CPU
		{5716EA4C-DCC7-4886-B0F9-CB4B7CEEFC17}.Debug|ARM.ActiveCfg = Debug|Any CPU
		{5716EA4C-DCC7-4886-B0F9-CB4B7CEEFC17}.Debug|ARM.Build.0 = Debug|Any CPU
		{5716EA4C-DCC7-4886-B0F9-CB4B7CEEFC17}.Debug|ARM.Deploy.0 = Debug|Any CPU
		{5716EA4C-DCC7-4886-B0F9-CB4B7CEEFC17}.Debug|iPhone.ActiveCfg = Debug|Any CPU
		{5716EA4C-DCC7-4886-B0F9-CB4B7CEEFC17}.Debug|iPhone.Build.0 = Debug|Any CPU
		{5716EA4C-DCC7-4886-B0F9-CB4B7CEEFC17}.Debug|iPhone.Deploy.0 = Debug|Any CPU
		{5716EA4C-DCC7-4886-B0F9-CB4B7CEEFC17}.Debug|iPhoneSimulator.ActiveCfg = Debug|Any CPU
		{5716EA4C-DCC7-4886-B0F9-CB4B7CEEFC17}.Debug|iPhoneSimulator.Build.0 = Debug|Any CPU
		{5716EA4C-DCC7-4886-B0F9-CB4B7CEEFC17}.Debug|iPhoneSimulator.Deploy.0 = Debug|Any CPU
		{5716EA4C-DCC7-4886-B0F9-CB4B7CEEFC17}.Debug|x64.ActiveCfg = Debug|Any CPU
		{5716EA4C-DCC7-4886-B0F9-CB4B7CEEFC17}.Debug|x64.Build.0 = Debug|Any CPU
		{5716EA4C-DCC7-4886-B0F9-CB4B7CEEFC17}.Debug|x64.Deploy.0 = Debug|Any CPU
		{5716EA4C-DCC7-4886-B0F9-CB4B7CEEFC17}.Debug|x86.ActiveCfg = Debug|Any CPU
		{5716EA4C-DCC7-4886-B0F9-CB4B7CEEFC17}.Debug|x86.Build.0 = Debug|Any CPU
		{5716EA4C-DCC7-4886-B0F9-CB4B7CEEFC17}.Debug|x86.Deploy.0 = Debug|Any CPU
		{5716EA4C-DCC7-4886-B0F9-CB4B7CEEFC17}.Release|Any CPU.ActiveCfg = Release|Any CPU
		{5716EA4C-DCC7-4886-B0F9-CB4B7CEEFC17}.Release|Any CPU.Build.0 = Release|Any CPU
		{5716EA4C-DCC7-4886-B0F9-CB4B7CEEFC17}.Release|Any CPU.Deploy.0 = Release|Any CPU
		{5716EA4C-DCC7-4886-B0F9-CB4B7CEEFC17}.Release|ARM.ActiveCfg = Release|Any CPU
		{5716EA4C-DCC7-4886-B0F9-CB4B7CEEFC17}.Release|ARM.Build.0 = Release|Any CPU
		{5716EA4C-DCC7-4886-B0F9-CB4B7CEEFC17}.Release|ARM.Deploy.0 = Release|Any CPU
		{5716EA4C-DCC7-4886-B0F9-CB4B7CEEFC17}.Release|iPhone.ActiveCfg = Release|Any CPU
		{5716EA4C-DCC7-4886-B0F9-CB4B7CEEFC17}.Release|iPhone.Build.0 = Release|Any CPU
		{5716EA4C-DCC7-4886-B0F9-CB4B7CEEFC17}.Release|iPhone.Deploy.0 = Release|Any CPU
		{5716EA4C-DCC7-4886-B0F9-CB4B7CEEFC17}.Release|iPhoneSimulator.ActiveCfg = Release|Any CPU
		{5716EA4C-DCC7-4886-B0F9-CB4B7CEEFC17}.Release|iPhoneSimulator.Build.0 = Release|Any CPU
		{5716EA4C-DCC7-4886-B0F9-CB4B7CEEFC17}.Release|iPhoneSimulator.Deploy.0 = Release|Any CPU
		{5716EA4C-DCC7-4886-B0F9-CB4B7CEEFC17}.Release|x64.ActiveCfg = Release|Any CPU
		{5716EA4C-DCC7-4886-B0F9-CB4B7CEEFC17}.Release|x64.Build.0 = Release|Any CPU
		{5716EA4C-DCC7-4886-B0F9-CB4B7CEEFC17}.Release|x64.Deploy.0 = Release|Any CPU
		{5716EA4C-DCC7-4886-B0F9-CB4B7CEEFC17}.Release|x86.ActiveCfg = Release|Any CPU
		{5716EA4C-DCC7-4886-B0F9-CB4B7CEEFC17}.Release|x86.Build.0 = Release|Any CPU
		{5716EA4C-DCC7-4886-B0F9-CB4B7CEEFC17}.Release|x86.Deploy.0 = Release|Any CPU
		{CFE81CD8-FF7C-452B-A46F-E74E57C750BC}.Debug|Any CPU.ActiveCfg = Debug|iPhone
		{CFE81CD8-FF7C-452B-A46F-E74E57C750BC}.Debug|Any CPU.Build.0 = Debug|iPhone
		{CFE81CD8-FF7C-452B-A46F-E74E57C750BC}.Debug|Any CPU.Deploy.0 = Debug|iPhone
		{CFE81CD8-FF7C-452B-A46F-E74E57C750BC}.Debug|ARM.ActiveCfg = Debug|iPhoneSimulator
		{CFE81CD8-FF7C-452B-A46F-E74E57C750BC}.Debug|ARM.Build.0 = Debug|iPhoneSimulator
		{CFE81CD8-FF7C-452B-A46F-E74E57C750BC}.Debug|ARM.Deploy.0 = Debug|iPhoneSimulator
		{CFE81CD8-FF7C-452B-A46F-E74E57C750BC}.Debug|iPhone.ActiveCfg = Debug|iPhone
		{CFE81CD8-FF7C-452B-A46F-E74E57C750BC}.Debug|iPhone.Build.0 = Debug|iPhone
		{CFE81CD8-FF7C-452B-A46F-E74E57C750BC}.Debug|iPhone.Deploy.0 = Debug|iPhone
		{CFE81CD8-FF7C-452B-A46F-E74E57C750BC}.Debug|iPhoneSimulator.ActiveCfg = Debug|iPhoneSimulator
		{CFE81CD8-FF7C-452B-A46F-E74E57C750BC}.Debug|iPhoneSimulator.Build.0 = Debug|iPhoneSimulator
		{CFE81CD8-FF7C-452B-A46F-E74E57C750BC}.Debug|iPhoneSimulator.Deploy.0 = Debug|iPhoneSimulator
		{CFE81CD8-FF7C-452B-A46F-E74E57C750BC}.Debug|x64.ActiveCfg = Debug|iPhone
		{CFE81CD8-FF7C-452B-A46F-E74E57C750BC}.Debug|x64.Build.0 = Debug|iPhone
		{CFE81CD8-FF7C-452B-A46F-E74E57C750BC}.Debug|x64.Deploy.0 = Debug|iPhone
		{CFE81CD8-FF7C-452B-A46F-E74E57C750BC}.Debug|x86.ActiveCfg = Debug|iPhone
		{CFE81CD8-FF7C-452B-A46F-E74E57C750BC}.Debug|x86.Build.0 = Debug|iPhone
		{CFE81CD8-FF7C-452B-A46F-E74E57C750BC}.Debug|x86.Deploy.0 = Debug|iPhone
		{CFE81CD8-FF7C-452B-A46F-E74E57C750BC}.Release|Any CPU.ActiveCfg = Release|iPhone
		{CFE81CD8-FF7C-452B-A46F-E74E57C750BC}.Release|Any CPU.Build.0 = Release|iPhone
		{CFE81CD8-FF7C-452B-A46F-E74E57C750BC}.Release|Any CPU.Deploy.0 = Release|iPhone
		{CFE81CD8-FF7C-452B-A46F-E74E57C750BC}.Release|ARM.ActiveCfg = Release|iPhone
		{CFE81CD8-FF7C-452B-A46F-E74E57C750BC}.Release|ARM.Build.0 = Release|iPhone
		{CFE81CD8-FF7C-452B-A46F-E74E57C750BC}.Release|ARM.Deploy.0 = Release|iPhone
		{CFE81CD8-FF7C-452B-A46F-E74E57C750BC}.Release|iPhone.ActiveCfg = Release|iPhone
		{CFE81CD8-FF7C-452B-A46F-E74E57C750BC}.Release|iPhone.Build.0 = Release|iPhone
		{CFE81CD8-FF7C-452B-A46F-E74E57C750BC}.Release|iPhone.Deploy.0 = Release|iPhone
		{CFE81CD8-FF7C-452B-A46F-E74E57C750BC}.Release|iPhoneSimulator.ActiveCfg = Release|iPhoneSimulator
		{CFE81CD8-FF7C-452B-A46F-E74E57C750BC}.Release|iPhoneSimulator.Build.0 = Release|iPhoneSimulator
		{CFE81CD8-FF7C-452B-A46F-E74E57C750BC}.Release|iPhoneSimulator.Deploy.0 = Release|iPhoneSimulator
		{CFE81CD8-FF7C-452B-A46F-E74E57C750BC}.Release|x64.ActiveCfg = Release|iPhone
		{CFE81CD8-FF7C-452B-A46F-E74E57C750BC}.Release|x64.Build.0 = Release|iPhone
		{CFE81CD8-FF7C-452B-A46F-E74E57C750BC}.Release|x64.Deploy.0 = Release|iPhone
		{CFE81CD8-FF7C-452B-A46F-E74E57C750BC}.Release|x86.ActiveCfg = Release|iPhone
		{CFE81CD8-FF7C-452B-A46F-E74E57C750BC}.Release|x86.Build.0 = Release|iPhone
		{CFE81CD8-FF7C-452B-A46F-E74E57C750BC}.Release|x86.Deploy.0 = Release|iPhone
		{C5EFA787-BE0D-407D-8C35-EC4A74E784CB}.Debug|Any CPU.ActiveCfg = Debug|Any CPU
		{C5EFA787-BE0D-407D-8C35-EC4A74E784CB}.Debug|Any CPU.Build.0 = Debug|Any CPU
		{C5EFA787-BE0D-407D-8C35-EC4A74E784CB}.Debug|Any CPU.Deploy.0 = Debug|Any CPU
		{C5EFA787-BE0D-407D-8C35-EC4A74E784CB}.Debug|ARM.ActiveCfg = Debug|Any CPU
		{C5EFA787-BE0D-407D-8C35-EC4A74E784CB}.Debug|ARM.Build.0 = Debug|Any CPU
		{C5EFA787-BE0D-407D-8C35-EC4A74E784CB}.Debug|ARM.Deploy.0 = Debug|Any CPU
		{C5EFA787-BE0D-407D-8C35-EC4A74E784CB}.Debug|iPhone.ActiveCfg = Debug|Any CPU
		{C5EFA787-BE0D-407D-8C35-EC4A74E784CB}.Debug|iPhone.Build.0 = Debug|Any CPU
		{C5EFA787-BE0D-407D-8C35-EC4A74E784CB}.Debug|iPhone.Deploy.0 = Debug|Any CPU
		{C5EFA787-BE0D-407D-8C35-EC4A74E784CB}.Debug|iPhoneSimulator.ActiveCfg = Debug|Any CPU
		{C5EFA787-BE0D-407D-8C35-EC4A74E784CB}.Debug|iPhoneSimulator.Build.0 = Debug|Any CPU
		{C5EFA787-BE0D-407D-8C35-EC4A74E784CB}.Debug|iPhoneSimulator.Deploy.0 = Debug|Any CPU
		{C5EFA787-BE0D-407D-8C35-EC4A74E784CB}.Debug|x64.ActiveCfg = Debug|Any CPU
		{C5EFA787-BE0D-407D-8C35-EC4A74E784CB}.Debug|x64.Build.0 = Debug|Any CPU
		{C5EFA787-BE0D-407D-8C35-EC4A74E784CB}.Debug|x64.Deploy.0 = Debug|Any CPU
		{C5EFA787-BE0D-407D-8C35-EC4A74E784CB}.Debug|x86.ActiveCfg = Debug|Any CPU
		{C5EFA787-BE0D-407D-8C35-EC4A74E784CB}.Debug|x86.Build.0 = Debug|Any CPU
		{C5EFA787-BE0D-407D-8C35-EC4A74E784CB}.Debug|x86.Deploy.0 = Debug|Any CPU
		{C5EFA787-BE0D-407D-8C35-EC4A74E784CB}.Release|Any CPU.ActiveCfg = Release|Any CPU
		{C5EFA787-BE0D-407D-8C35-EC4A74E784CB}.Release|Any CPU.Build.0 = Release|Any CPU
		{C5EFA787-BE0D-407D-8C35-EC4A74E784CB}.Release|Any CPU.Deploy.0 = Release|Any CPU
		{C5EFA787-BE0D-407D-8C35-EC4A74E784CB}.Release|ARM.ActiveCfg = Release|Any CPU
		{C5EFA787-BE0D-407D-8C35-EC4A74E784CB}.Release|ARM.Build.0 = Release|Any CPU
		{C5EFA787-BE0D-407D-8C35-EC4A74E784CB}.Release|ARM.Deploy.0 = Release|Any CPU
		{C5EFA787-BE0D-407D-8C35-EC4A74E784CB}.Release|iPhone.ActiveCfg = Release|Any CPU
		{C5EFA787-BE0D-407D-8C35-EC4A74E784CB}.Release|iPhone.Build.0 = Release|Any CPU
		{C5EFA787-BE0D-407D-8C35-EC4A74E784CB}.Release|iPhone.Deploy.0 = Release|Any CPU
		{C5EFA787-BE0D-407D-8C35-EC4A74E784CB}.Release|iPhoneSimulator.ActiveCfg = Release|Any CPU
		{C5EFA787-BE0D-407D-8C35-EC4A74E784CB}.Release|iPhoneSimulator.Build.0 = Release|Any CPU
		{C5EFA787-BE0D-407D-8C35-EC4A74E784CB}.Release|iPhoneSimulator.Deploy.0 = Release|Any CPU
		{C5EFA787-BE0D-407D-8C35-EC4A74E784CB}.Release|x64.ActiveCfg = Release|Any CPU
		{C5EFA787-BE0D-407D-8C35-EC4A74E784CB}.Release|x64.Build.0 = Release|Any CPU
		{C5EFA787-BE0D-407D-8C35-EC4A74E784CB}.Release|x64.Deploy.0 = Release|Any CPU
		{C5EFA787-BE0D-407D-8C35-EC4A74E784CB}.Release|x86.ActiveCfg = Release|Any CPU
		{C5EFA787-BE0D-407D-8C35-EC4A74E784CB}.Release|x86.Build.0 = Release|Any CPU
		{C5EFA787-BE0D-407D-8C35-EC4A74E784CB}.Release|x86.Deploy.0 = Release|Any CPU
		{FC40327E-F345-4FD7-AFA2-CADA20354E78}.Debug|Any CPU.ActiveCfg = Debug|Any CPU
		{FC40327E-F345-4FD7-AFA2-CADA20354E78}.Debug|Any CPU.Build.0 = Debug|Any CPU
		{FC40327E-F345-4FD7-AFA2-CADA20354E78}.Debug|ARM.ActiveCfg = Debug|Any CPU
		{FC40327E-F345-4FD7-AFA2-CADA20354E78}.Debug|ARM.Build.0 = Debug|Any CPU
		{FC40327E-F345-4FD7-AFA2-CADA20354E78}.Debug|iPhone.ActiveCfg = Debug|Any CPU
		{FC40327E-F345-4FD7-AFA2-CADA20354E78}.Debug|iPhone.Build.0 = Debug|Any CPU
		{FC40327E-F345-4FD7-AFA2-CADA20354E78}.Debug|iPhoneSimulator.ActiveCfg = Debug|Any CPU
		{FC40327E-F345-4FD7-AFA2-CADA20354E78}.Debug|iPhoneSimulator.Build.0 = Debug|Any CPU
		{FC40327E-F345-4FD7-AFA2-CADA20354E78}.Debug|x64.ActiveCfg = Debug|Any CPU
		{FC40327E-F345-4FD7-AFA2-CADA20354E78}.Debug|x64.Build.0 = Debug|Any CPU
		{FC40327E-F345-4FD7-AFA2-CADA20354E78}.Debug|x86.ActiveCfg = Debug|Any CPU
		{FC40327E-F345-4FD7-AFA2-CADA20354E78}.Debug|x86.Build.0 = Debug|Any CPU
		{FC40327E-F345-4FD7-AFA2-CADA20354E78}.Release|Any CPU.ActiveCfg = Release|Any CPU
		{FC40327E-F345-4FD7-AFA2-CADA20354E78}.Release|Any CPU.Build.0 = Release|Any CPU
		{FC40327E-F345-4FD7-AFA2-CADA20354E78}.Release|ARM.ActiveCfg = Release|Any CPU
		{FC40327E-F345-4FD7-AFA2-CADA20354E78}.Release|ARM.Build.0 = Release|Any CPU
		{FC40327E-F345-4FD7-AFA2-CADA20354E78}.Release|iPhone.ActiveCfg = Release|Any CPU
		{FC40327E-F345-4FD7-AFA2-CADA20354E78}.Release|iPhone.Build.0 = Release|Any CPU
		{FC40327E-F345-4FD7-AFA2-CADA20354E78}.Release|iPhoneSimulator.ActiveCfg = Release|Any CPU
		{FC40327E-F345-4FD7-AFA2-CADA20354E78}.Release|iPhoneSimulator.Build.0 = Release|Any CPU
		{FC40327E-F345-4FD7-AFA2-CADA20354E78}.Release|x64.ActiveCfg = Release|Any CPU
		{FC40327E-F345-4FD7-AFA2-CADA20354E78}.Release|x64.Build.0 = Release|Any CPU
		{FC40327E-F345-4FD7-AFA2-CADA20354E78}.Release|x86.ActiveCfg = Release|Any CPU
		{FC40327E-F345-4FD7-AFA2-CADA20354E78}.Release|x86.Build.0 = Release|Any CPU
	EndGlobalSection
	GlobalSection(SolutionProperties) = preSolution
		HideSolutionNode = FALSE
	EndGlobalSection
	GlobalSection(ExtensibilityGlobals) = postSolution
		SolutionGuid = {BFE96C29-6745-459B-BC25-AA6962F881B4}
	EndGlobalSection
EndGlobal
